# THIS IS AN AUTOGENERATED FILE. DO NOT EDIT THIS FILE DIRECTLY.
# yarn lockfile v1


"@tsconfig/svelte@^1.0.10":
  version "1.0.10"
  resolved "https://registry.yarnpkg.com/@tsconfig/svelte/-/svelte-1.0.10.tgz#30ec7feeee0bdf38b12a50f0686f8a2e7b6b9dc0"
  integrity sha512-EBrpH2iXXfaf/9z81koiDYkp2mlwW2XzFcAqn6qh7VKyP8zBvHHAQzNhY+W9vH5arAjmGAm5g8ElWq6YmXm3ig==

"@types/node@*":
  version "14.6.1"
  resolved "https://registry.yarnpkg.com/@types/node/-/node-14.6.1.tgz#fdf6f6c6c73d3d8eee9c98a9a0485bc524b048d7"
  integrity sha512-HnYlg/BRF8uC1FyKRFZwRaCPTPYKa+6I8QiUZFLredaGOou481cgFS4wKRFyKvQtX8xudqkSdBczJHIYSQYKrQ==

"@types/pug@^2.0.4":
  version "2.0.4"
  resolved "https://registry.yarnpkg.com/@types/pug/-/pug-2.0.4.tgz#8772fcd0418e3cd2cc171555d73007415051f4b2"
  integrity sha1-h3L80EGOPNLMFxVV1zAHQVBR9LI=

"@types/sass@^1.16.0":
  version "1.16.0"
  resolved "https://registry.yarnpkg.com/@types/sass/-/sass-1.16.0.tgz#b41ac1c17fa68ffb57d43e2360486ef526b3d57d"
  integrity sha512-2XZovu4NwcqmtZtsBR5XYLw18T8cBCnU2USFHTnYLLHz9fkhnoEMoDsqShJIOFsFhn5aJHjweiUUdTrDGujegA==
  dependencies:
    "@types/node" "*"

detect-indent@^6.0.0:
  version "6.0.0"
  resolved "https://registry.yarnpkg.com/detect-indent/-/detect-indent-6.0.0.tgz#0abd0f549f69fc6659a254fe96786186b6f528fd"
  integrity sha512-oSyFlqaTHCItVRGK5RmrmjB+CmaMOW7IaNA/kdxqhoa6d17j/5ce9O9eWXmV/KEdRwqpQA+Vqe8a8Bsybu4YnA==

min-indent@^1.0.0:
  version "1.0.1"
  resolved "https://registry.yarnpkg.com/min-indent/-/min-indent-1.0.1.tgz#a63f681673b30571fbe8bc25686ae746eefa9869"
  integrity sha512-I9jwMn07Sy/IwOj3zVkVik2JTvgpaykDZEigL6Rx6N9LbMywwUSMtxET+7lVoDLLd3O3IXwJwvuuns8UB/HeAg==

strip-indent@^3.0.0:
  version "3.0.0"
  resolved "https://registry.yarnpkg.com/strip-indent/-/strip-indent-3.0.0.tgz#c32e1cee940b6b3432c771bc2c54bcce73cd3001"
  integrity sha512-laJTa3Jb+VQpaC6DseHhF7dXVqHTfJPCRDaEbid/drOhgitgYku/letMUqOXFoWV0zIIUbjpdH2t+tYj4bQMRQ==
  dependencies:
    min-indent "^1.0.0"

svelte-preprocess@^4.0.12:
  version "4.1.1"
  resolved "https://registry.yarnpkg.com/svelte-preprocess/-/svelte-preprocess-4.1.1.tgz#25e22b2acf45a82f66d480c57b8bacf1aeaaffda"
  integrity sha512-fCnq15SY0MYd70as0z0IcdtU6a6m0RTFdWViWSdV7styI/yp6SVkMinpFR7GbQJR3StzZ/9FEmroSiYYzc3VZA==
  dependencies:
    "@types/pug" "^2.0.4"
    "@types/sass" "^1.16.0"
    detect-indent "^6.0.0"
    strip-indent "^3.0.0"

svelte@^3.24.1:
  version "3.24.1"
  resolved "https://registry.yarnpkg.com/svelte/-/svelte-3.24.1.tgz#aca364937dd1df27fe131e2a4c234acb6061db4b"
  integrity sha512-OX/IBVUJSFo1rnznXdwf9rv6LReJ3qQ0PwRjj76vfUWyTfbHbR9OXqJBnUrpjyis2dwYcbT2Zm1DFjOOF1ZbbQ==

typescript@^4.0.2:
  version "4.0.2"
  resolved "https://registry.yarnpkg.com/typescript/-/typescript-4.0.2.tgz#7ea7c88777c723c681e33bf7988be5d008d05ac2"
  integrity sha512-e4ERvRV2wb+rRZ/IQeb3jm2VxBsirQLpQhdxplZ2MEzGvDkkMmPglecnNDfSUBivMjP93vRbngYYDQqQ/78bcQ==
